
Microsoft Visual Studio Solution File, Format Version 12.00
# Visual Studio Version 17
VisualStudioVersion = 17.2.32630.192
MinimumVisualStudioVersion = 10.0.40219.1
Project("{FAE04EC0-301F-11D3-BF4B-00C04F79EFBC}") = "prototip", "prototip\prototip.csproj", "{F082A4DC-E3EE-49C0-9040-0A717CA38140}"
EndProject
Global
	GlobalSection(SolutionConfigurationPlatforms) = preSolution
		Debug|Any CPU = Debug|Any CPU
		Release|Any CPU = Release|Any CPU
	EndGlobalSection
	GlobalSection(ProjectConfigurationPlatforms) = postSolution
		{F082A4DC-E3EE-49C0-9040-0A717CA38140}.Debug|Any CPU.ActiveCfg = Debug|Any CPU
		{F082A4DC-E3EE-49C0-9040-0A717CA38140}.Debug|Any CPU.Build.0 = Debug|Any CPU
		{F082A4DC-E3EE-49C0-9040-0A717CA38140}.Release|Any CPU.ActiveCfg = Release|Any CPU
		{F082A4DC-E3EE-49C0-9040-0A717CA38140}.Release|Any CPU.Build.0 = Release|Any CPU
	EndGlobalSection
	GlobalSection(SolutionProperties) = preSolution
		HideSolutionNode = FALSE
	EndGlobalSection
	GlobalSection(ExtensibilityGlobals) = postSolution
		SolutionGuid = {42D6CC75-E759-41E2-A6C3-66C97E867F09}
	EndGlobalSection
EndGlobal
